{
  "version": 1,
  "dependencies": {
    "net9.0": {
      "Microsoft.Extensions.FileSystemGlobbing": {
        "type": "Direct",
        "requested": "[9.0.7, )",
        "resolved": "9.0.7",
        "contentHash": "5VKpTH2ME0SSs0lrtkpKgjCeHzXR5ka/H+qThPwuWi78wHubApZ/atD7w69FDt0OOM7UMV6LIbkqEQgoby4IXA=="
      },
      "Microsoft.Extensions.Hosting": {
        "type": "Direct",
        "requested": "[9.0.7, )",
        "resolved": "9.0.7",
        "contentHash": "Dkv55VfitwJjPUk9mFHxT9MJAd8su7eJNaCHhBU/Y9xFqw3ZNHwrpeptXeaXiaPtfQq+alMmawIz1Impk5pHkQ=="
      },
      "Microsoft.Extensions.ObjectPool": {
        "type": "Direct",
        "requested": "[9.0.7, )",
        "resolved": "9.0.7",
        "contentHash": "9S4vPGg0NNBAxAkAGiOyWMAgDCmOK8uDnFryhcahmOqyArrI0MXju60Yk+UpDwXafVmjj+U0kJXwEyXjSJ3icA=="
      },
      "Microsoft.NET.ILLink.Tasks": {
        "type": "Direct",
        "requested": "[9.0.4, )",
        "resolved": "9.0.4",
        "contentHash": "xUdlUxiFwXhTYhB4VxKg/IA0+jlZXJPo70LYuMryWbJHdonIpZjw+7DO2B0pWwpXIOs6MlH5WVXPEtfrGEcVZA=="
      },
      "NextFast.Hazel": {
        "type": "Direct",
        "requested": "[1.0.2-ci.17, )",
        "resolved": "1.0.2-ci.17",
        "contentHash": "mjgiRuEsV8CM3ybTR9sqmIPcslZ2glvcfpNbzTdaaiBz9iwelzaOvpzzIZYHlJdfmV4xcplTdjIHavf+QJM8DA==",
        "dependencies": {
          "BouncyCastle.Cryptography": "2.6.1",
          "NextFast.Hazel.Abstractions": "1.0.2-ci.17",
          "Serilog": "4.3.1-dev-02373"
        }
      },
      "Serilog.Extensions.Hosting": {
        "type": "Direct",
        "requested": "[9.0.1-dev-02307, )",
        "resolved": "9.0.1-dev-02307",
        "contentHash": "bBx2sEozyzXTv+nysstxgUxHOWbAx/viJ/SmM4ELLhjEHjj+KfGOpn2c0hn0Wb6x+9OZ3bVESsZmhtPLr4gLKw==",
        "dependencies": {
          "Serilog": "4.2.0",
          "Serilog.Extensions.Logging": "9.0.0"
        }
      },
      "Serilog.Settings.Configuration": {
        "type": "Direct",
        "requested": "[9.0.1-dev-02317, )",
        "resolved": "9.0.1-dev-02317",
        "contentHash": "1/PPRG1VvYCuFJL8Dc7lkpHNFRZq6n0cwy976CgK21qRwmAIR2GgEkzIc9LZw8TVlvSmoUhZRyeBoU7bB9TjIw==",
        "dependencies": {
          "Microsoft.Extensions.DependencyModel": "9.0.0",
          "Serilog": "4.2.0"
        }
      },
      "Serilog.Sinks.Console": {
        "type": "Direct",
        "requested": "[6.0.1-dev-00953, )",
        "resolved": "6.0.1-dev-00953",
        "contentHash": "Goi2B0Je0X0NvWYUi0SiU9MJNF2957Kfjmc6VPZ2hNl6Lmj9he6laxmDuQU/c0fBdAFnNiEUPPcHd/NJVyfbkA==",
        "dependencies": {
          "Serilog": "4.0.0"
        }
      },
      "Serilog.Sinks.File": {
        "type": "Direct",
        "requested": "[7.0.0, )",
        "resolved": "7.0.0",
        "contentHash": "fKL7mXv7qaiNBUC71ssvn/dU0k9t0o45+qm2XgKAlSt19xF+ijjxyA3R6HmCgfKEKwfcfkwWjayuQtRueZFkYw==",
        "dependencies": {
          "Serilog": "4.2.0"
        }
      },
      "BouncyCastle.Cryptography": {
        "type": "Transitive",
        "resolved": "2.6.1",
        "contentHash": "vZsG2YILhthgRqO+ZVgRff4ZFKKTl0v7kqaVBLCtRvpREhfBP33pcWrdA3PRYgWuFL1RxiUFvjMUHTdBZlJcoA=="
      },
      "JetBrains.Annotations": {
        "type": "Transitive",
        "resolved": "2025.1.0-eap1",
        "contentHash": "5ApJk9xbFOdbz7L8W9LAA63DIMbqC1p81KOYLeLu+d3Pj9yC83aZBQgHce/LCCu9j/mzVZxEUl70rDoUEGs7Gg=="
      },
      "Microsoft.Extensions.DependencyModel": {
        "type": "Transitive",
        "resolved": "9.0.0",
        "contentHash": "saxr2XzwgDU77LaQfYFXmddEDRUKHF4DaGMZkNB3qjdVSZlax3//dGJagJkKrGMIPNZs2jVFXITyCCR6UHJNdA=="
      },
      "NextFast.Hazel.Abstractions": {
        "type": "Transitive",
        "resolved": "1.0.2-ci.17",
        "contentHash": "jtQs/fiBhxlGtRbgGFuAbLiDQwQefUfZHz1seAuldpOvVtkUmabJamvoQKGhVVlL0/beWLVafrBqu4UZXGuJoA=="
      },
      "Serilog": {
        "type": "Transitive",
        "resolved": "4.3.1-dev-02373",
        "contentHash": "f0HNPaleOox5++8zqxAdi9afnUUkoznLOmd0ur/UnLbzl8bIaPyyBGOpbIJmC1kz2vHfkQ0fXh6KXMdlz7bcLQ=="
      },
      "Serilog.Extensions.Logging": {
        "type": "Transitive",
        "resolved": "9.0.0",
        "contentHash": "NwSSYqPJeKNzl5AuXVHpGbr6PkZJFlNa14CdIebVjK3k/76kYj/mz5kiTRNVSsSaxM8kAIa1kpy/qyT9E4npRQ==",
        "dependencies": {
          "Serilog": "4.2.0"
        }
      },
      "NextImpostor.Api": {
        "type": "Project",
        "dependencies": {
          "JetBrains.Annotations": "[2025.1.0-eap1, )",
          "NextFast.Hazel.Abstractions": "[1.0.2-ci.17, )",
          "Serilog": "[4.3.1-dev-02373, )"
        }
      },
      "NextImpostor.Api.Extension": {
        "type": "Project",
        "dependencies": {
          "NextImpostor.Api": "[1.12.0-dev, )"
        }
      }
    },
    "net9.0/linux-x64": {},
    "net9.0/osx-x64": {},
    "net9.0/win-x64": {}
  }
}