{
  "version": 1,
  "dependencies": {
    "net9.0": {
      "Microsoft.Extensions.FileSystemGlobbing": {
        "type": "Direct",
        "requested": "[9.0.6, )",
        "resolved": "9.0.6",
        "contentHash": "1HJCAbwukNEoYbHgHbKHmenU0V/0huw8+i7Qtf5rLUG1E+3kEwRJQxpwD3wbTEagIgPSQisNgJTvmUX9yYVc6g=="
      },
      "Microsoft.Extensions.Hosting": {
        "type": "Direct",
        "requested": "[9.0.6, )",
        "resolved": "9.0.6",
        "contentHash": "Iu1UyXUnjMhoOwThKM0kCyjgWqqQnuujsbPMnF44ITUbmETT7RAVlozNgev2L/damwNoPZKpmwArRKBy2IOAZg=="
      },
      "Microsoft.Extensions.ObjectPool": {
        "type": "Direct",
        "requested": "[9.0.6, )",
        "resolved": "9.0.6",
        "contentHash": "N1lSxMYI6DboY/PqCQwb6Bg74Baip7wWkHeHzuL7+PNsBipDmpBukXwVyVEAHdOdYNtasTdcXDVtbtwenoYU1g=="
      },
      "Microsoft.NET.ILLink.Tasks": {
        "type": "Direct",
        "requested": "[9.0.4, )",
        "resolved": "9.0.4",
        "contentHash": "xUdlUxiFwXhTYhB4VxKg/IA0+jlZXJPo70LYuMryWbJHdonIpZjw+7DO2B0pWwpXIOs6MlH5WVXPEtfrGEcVZA=="
      },
      "Serilog.Extensions.Hosting": {
        "type": "Direct",
        "requested": "[9.0.1-dev-02307, )",
        "resolved": "9.0.1-dev-02307",
        "contentHash": "bBx2sEozyzXTv+nysstxgUxHOWbAx/viJ/SmM4ELLhjEHjj+KfGOpn2c0hn0Wb6x+9OZ3bVESsZmhtPLr4gLKw==",
        "dependencies": {
          "Serilog": "4.2.0",
          "Serilog.Extensions.Logging": "9.0.0"
        }
      },
      "Serilog.Settings.Configuration": {
        "type": "Direct",
        "requested": "[9.0.1-dev-02317, )",
        "resolved": "9.0.1-dev-02317",
        "contentHash": "1/PPRG1VvYCuFJL8Dc7lkpHNFRZq6n0cwy976CgK21qRwmAIR2GgEkzIc9LZw8TVlvSmoUhZRyeBoU7bB9TjIw==",
        "dependencies": {
          "Microsoft.Extensions.DependencyModel": "9.0.0",
          "Serilog": "4.2.0"
        }
      },
      "Serilog.Sinks.Console": {
        "type": "Direct",
        "requested": "[6.0.1-dev-00953, )",
        "resolved": "6.0.1-dev-00953",
        "contentHash": "Goi2B0Je0X0NvWYUi0SiU9MJNF2957Kfjmc6VPZ2hNl6Lmj9he6laxmDuQU/c0fBdAFnNiEUPPcHd/NJVyfbkA==",
        "dependencies": {
          "Serilog": "4.0.0"
        }
      },
      "Serilog.Sinks.File": {
        "type": "Direct",
        "requested": "[7.0.0, )",
        "resolved": "7.0.0",
        "contentHash": "fKL7mXv7qaiNBUC71ssvn/dU0k9t0o45+qm2XgKAlSt19xF+ijjxyA3R6HmCgfKEKwfcfkwWjayuQtRueZFkYw==",
        "dependencies": {
          "Serilog": "4.2.0"
        }
      },
      "BouncyCastle.Cryptography": {
        "type": "Transitive",
        "resolved": "2.6.0-beta.114",
        "contentHash": "90iHboYCwJmhIGmDwwsQ+GHnipH6uhelOPSv2b24kGMWo9ZobuBCPVdy6lB+QX+lRUBIRUVQ/hsDLYIe0YaLww=="
      },
      "JetBrains.Annotations": {
        "type": "Transitive",
        "resolved": "2025.1.0-eap1",
        "contentHash": "5ApJk9xbFOdbz7L8W9LAA63DIMbqC1p81KOYLeLu+d3Pj9yC83aZBQgHce/LCCu9j/mzVZxEUl70rDoUEGs7Gg=="
      },
      "Microsoft.Extensions.DependencyModel": {
        "type": "Transitive",
        "resolved": "9.0.0",
        "contentHash": "saxr2XzwgDU77LaQfYFXmddEDRUKHF4DaGMZkNB3qjdVSZlax3//dGJagJkKrGMIPNZs2jVFXITyCCR6UHJNdA=="
      },
      "NextFast.Hazel": {
        "type": "Transitive",
        "resolved": "1.0.2-ci.13",
        "contentHash": "hkeIBoUNqwyZJyyF5B9AoQtQHngEP6vNmm1YB2TJEnxe2OO1tQKmwnhkkrxIvUvbMY8dKPUaOVnLI+nzoer21w==",
        "dependencies": {
          "BouncyCastle.Cryptography": "2.6.0-beta.114",
          "NextFast.Hazel.Abstractions": "1.0.2-ci.13",
          "Serilog": "4.2.1-dev-02352"
        }
      },
      "NextFast.Hazel.Abstractions": {
        "type": "Transitive",
        "resolved": "1.0.2-ci.13",
        "contentHash": "+95Q4/TgSW0Rm+yJwiedi4sw6Z7HO0LfuEY0MwD0v9VT8tS5p7nuXi7o3mfE7g7dQv1seQb6kpJ4p25fxwnaMg=="
      },
      "Serilog": {
        "type": "Transitive",
        "resolved": "4.3.0",
        "contentHash": "+cDryFR0GRhsGOnZSKwaDzRRl4MupvJ42FhCE4zhQRVanX0Jpg6WuCBk59OVhVDPmab1bB+nRykAnykYELA9qQ=="
      },
      "Serilog.Extensions.Logging": {
        "type": "Transitive",
        "resolved": "9.0.0",
        "contentHash": "NwSSYqPJeKNzl5AuXVHpGbr6PkZJFlNa14CdIebVjK3k/76kYj/mz5kiTRNVSsSaxM8kAIa1kpy/qyT9E4npRQ==",
        "dependencies": {
          "Serilog": "4.2.0"
        }
      },
      "NextImpostor.Api": {
        "type": "Project",
        "dependencies": {
          "JetBrains.Annotations": "[2025.1.0-eap1, )",
          "NextFast.Hazel.Abstractions": "[1.0.2-ci.13, )",
          "Serilog": "[4.3.0, )"
        }
      },
      "NextImpostor.Api.Extension": {
        "type": "Project",
        "dependencies": {
          "NextFast.Hazel": "[1.0.2-ci.13, )",
          "NextImpostor.Api": "[1.10.2-dev, )"
        }
      }
    },
    "net9.0/linux-x64": {},
    "net9.0/osx-x64": {},
    "net9.0/win-x64": {}
  }
}